
Microsoft Visual Studio Solution File, Format Version 12.00
# Visual Studio Version 17
VisualStudioVersion = 17.5.33516.290
MinimumVisualStudioVersion = 10.0.40219.1
Project("{FAE04EC0-301F-11D3-BF4B-00C04F79EFBC}") = "WhatIsForDinnerBackEnd", "WhatIsForDinnerBackEnd\WhatIsForDinnerBackEnd.csproj", "{702CC820-94B4-483D-808B-ABA27C4D0DEE}"
EndProject
Global
	GlobalSection(SolutionConfigurationPlatforms) = preSolution
		Debug|Any CPU = Debug|Any CPU
		Release|Any CPU = Release|Any CPU
	EndGlobalSection
	GlobalSection(ProjectConfigurationPlatforms) = postSolution
		{702CC820-94B4-483D-808B-ABA27C4D0DEE}.Debug|Any CPU.ActiveCfg = Debug|Any CPU
		{702CC820-94B4-483D-808B-ABA27C4D0DEE}.Debug|Any CPU.Build.0 = Debug|Any CPU
		{702CC820-94B4-483D-808B-ABA27C4D0DEE}.Release|Any CPU.ActiveCfg = Release|Any CPU
		{702CC820-94B4-483D-808B-ABA27C4D0DEE}.Release|Any CPU.Build.0 = Release|Any CPU
	EndGlobalSection
	GlobalSection(SolutionProperties) = preSolution
		HideSolutionNode = FALSE
	EndGlobalSection
	GlobalSection(ExtensibilityGlobals) = postSolution
		SolutionGuid = {2832B1DF-7285-491E-BC88-84B0D7A59385}
	EndGlobalSection
EndGlobal
